
Microsoft Visual Studio Solution File, Format Version 12.00
# Visual Studio Version 16
VisualStudioVersion = 16.0.31829.152
MinimumVisualStudioVersion = 10.0.40219.1
Project("{FAE04EC0-301F-11D3-BF4B-00C04F79EFBC}") = "osb", "osb.csproj", "{11937718-F92C-4E7F-BD34-9E1404A363AA}"
EndProject
Global
	GlobalSection(SolutionConfigurationPlatforms) = preSolution
		Debug|Any CPU = Debug|Any CPU
		Release|Any CPU = Release|Any CPU
	EndGlobalSection
	GlobalSection(ProjectConfigurationPlatforms) = postSolution
		{11937718-F92C-4E7F-BD34-9E1404A363AA}.Debug|Any CPU.ActiveCfg = Debug|Any CPU
		{11937718-F92C-4E7F-BD34-9E1404A363AA}.Debug|Any CPU.Build.0 = Debug|Any CPU
		{11937718-F92C-4E7F-BD34-9E1404A363AA}.Release|Any CPU.ActiveCfg = Release|Any CPU
		{11937718-F92C-4E7F-BD34-9E1404A363AA}.Release|Any CPU.Build.0 = Release|Any CPU
	EndGlobalSection
	GlobalSection(SolutionProperties) = preSolution
		HideSolutionNode = FALSE
	EndGlobalSection
	GlobalSection(ExtensibilityGlobals) = postSolution
		SolutionGuid = {C91739A6-2412-46B9-A8A4-C5DF00FB014B}
	EndGlobalSection
EndGlobal
